
Microsoft Visual Studio Solution File, Format Version 12.00
# Visual Studio Version 17
VisualStudioVersion = 17.9.34728.123
MinimumVisualStudioVersion = 10.0.40219.1
Project("{FAE04EC0-301F-11D3-BF4B-00C04F79EFBC}") = "InterviewQuestions", "InterviewQuestions\InterviewQuestions.csproj", "{67309D0E-79BB-436D-A670-8DC24B402283}"
EndProject
Global
	GlobalSection(SolutionConfigurationPlatforms) = preSolution
		Debug|Any CPU = Debug|Any CPU
		Release|Any CPU = Release|Any CPU
	EndGlobalSection
	GlobalSection(ProjectConfigurationPlatforms) = postSolution
		{67309D0E-79BB-436D-A670-8DC24B402283}.Debug|Any CPU.ActiveCfg = Debug|Any CPU
		{67309D0E-79BB-436D-A670-8DC24B402283}.Debug|Any CPU.Build.0 = Debug|Any CPU
		{67309D0E-79BB-436D-A670-8DC24B402283}.Release|Any CPU.ActiveCfg = Release|Any CPU
		{67309D0E-79BB-436D-A670-8DC24B402283}.Release|Any CPU.Build.0 = Release|Any CPU
	EndGlobalSection
	GlobalSection(SolutionProperties) = preSolution
		HideSolutionNode = FALSE
	EndGlobalSection
	GlobalSection(ExtensibilityGlobals) = postSolution
		SolutionGuid = {9F222347-F6BC-43D0-9C67-504D5E3890F1}
	EndGlobalSection
EndGlobal
